
Microsoft Visual Studio Solution File, Format Version 12.00
# Visual Studio Version 17
VisualStudioVersion = 17.7.34024.191
MinimumVisualStudioVersion = 10.0.40219.1
Project("{9A19103F-16F7-4668-BE54-9A1E7A4F7556}") = "SpotifyClone", "SpotifyClone\SpotifyClone.csproj", "{69D285E7-1F5D-47F9-BAB4-A295C0F91264}"
EndProject
Project("{9A19103F-16F7-4668-BE54-9A1E7A4F7556}") = "MeetingApp", "MeetingApp\MeetingApp.csproj", "{E37C111E-657B-4509-96D1-F4C54EF63256}"
EndProject
Project("{9A19103F-16F7-4668-BE54-9A1E7A4F7556}") = "FreelancerProject", "FreelancerProject\FreelancerProject.csproj", "{BF9F3F8D-C172-478F-8B07-B8D17F49E924}"
EndProject
Project("{9A19103F-16F7-4668-BE54-9A1E7A4F7556}") = "PasswordGenerator", "PasswordGenerator\PasswordGenerator.csproj", "{B75AEE93-37A1-4D0A-A7FE-65122132E57C}"
EndProject
Project("{9A19103F-16F7-4668-BE54-9A1E7A4F7556}") = "YetGenAkbankJump.MVCClient", "YetGenAkbankJump.MVCClient\YetGenAkbankJump.MVCClient.csproj", "{F1A2FC5B-2CBD-4287-8716-C381EF1AD0E0}"
EndProject
Project("{2150E333-8FDC-42A3-9474-1A3956D46DE8}") = "Productify", "Productify", "{28A5AFE5-EB4F-4743-970A-5FA9792B5590}"
EndProject
Project("{2150E333-8FDC-42A3-9474-1A3956D46DE8}") = "Core", "Core", "{DC7D1B06-B3E2-4417-A80C-5540A3D189EA}"
EndProject
Project("{2150E333-8FDC-42A3-9474-1A3956D46DE8}") = "Infrastructure", "Infrastructure", "{2D75D7D5-D189-457F-83A5-66557A20AB14}"
EndProject
Project("{2150E333-8FDC-42A3-9474-1A3956D46DE8}") = "Presentation", "Presentation", "{87FBF342-A52A-4010-9B92-940B115EABB1}"
EndProject
Project("{9A19103F-16F7-4668-BE54-9A1E7A4F7556}") = "Productify", "Presentation\Productify\Productify.csproj", "{13AC3354-85A8-4653-9FCF-EF9A310BEFB0}"
EndProject
Project("{9A19103F-16F7-4668-BE54-9A1E7A4F7556}") = "Productify.Domain", "Core\Productify.Doman\Productify.Domain.csproj", "{E0B60CD0-4427-48EA-8FFE-B6792926D4EA}"
EndProject
Project("{9A19103F-16F7-4668-BE54-9A1E7A4F7556}") = "Persistence", "Infrastructure\Persistence\Persistence.csproj", "{ABECF5A1-790B-437E-A4E1-BF6C78D092B3}"
EndProject
Project("{9A19103F-16F7-4668-BE54-9A1E7A4F7556}") = "YetGenAkbankBackendOpenAiProject", "YetGenAkbankBackendOpenAiProject\YetGenAkbankBackendOpenAiProject.csproj", "{E6ACEBA4-570B-4252-940D-5E62E839DD3C}"
EndProject
Project("{2150E333-8FDC-42A3-9474-1A3956D46DE8}") = "RedoMusic", "RedoMusic", "{4DC881EF-8C94-4789-BE3C-C568317B7509}"
EndProject
Project("{2150E333-8FDC-42A3-9474-1A3956D46DE8}") = "Core", "Core", "{DCAB0398-F27B-4BE1-B5A8-F8CFFBFC15F5}"
EndProject
Project("{2150E333-8FDC-42A3-9474-1A3956D46DE8}") = "Infrastructure", "Infrastructure", "{3E9ADB9C-1DD3-4108-8ADD-295014019E28}"
EndProject
Project("{2150E333-8FDC-42A3-9474-1A3956D46DE8}") = "Presentation", "Presentation", "{673C168C-1960-4E44-A313-B23FC985A70B}"
EndProject
Project("{9A19103F-16F7-4668-BE54-9A1E7A4F7556}") = "ReDoMusic.Domain", "RedoMusic\Core\ReDoMusic.Domain\ReDoMusic.Domain.csproj", "{8DD0D4DB-D6D1-4F9A-B147-F2A44F0BF1BD}"
EndProject
Project("{9A19103F-16F7-4668-BE54-9A1E7A4F7556}") = "ReDoMusic.Persistence", "RedoMusic\Infrastructure\ReDoMusic.Persistence\ReDoMusic.Persistence.csproj", "{1A632445-D1F8-42FB-9F16-8DFD75154290}"
EndProject
Project("{9A19103F-16F7-4668-BE54-9A1E7A4F7556}") = "ReDoMusic.MVC", "RedoMusic\Presentation\ReDoMusic.MVC\ReDoMusic.MVC.csproj", "{F396ED44-6443-4E15-9A05-4B371F69E5A5}"
EndProject
Project("{2150E333-8FDC-42A3-9474-1A3956D46DE8}") = "CarProject", "CarProject", "{47230330-792B-4638-AE76-9974D85C9B4C}"
EndProject
Project("{FAE04EC0-301F-11D3-BF4B-00C04F79EFBC}") = "CarProject.Domain", "CarProject\CarProject.Domain\CarProject.Domain.csproj", "{18962BE0-E8BD-4709-8255-716E2423CE53}"
EndProject
Project("{FAE04EC0-301F-11D3-BF4B-00C04F79EFBC}") = "CarProject.WebApi", "CarProject\CarProject.WebApi\CarProject.WebApi.csproj", "{CB74E330-F2E6-4ABD-9833-64F1761F4917}"
EndProject
Project("{FAE04EC0-301F-11D3-BF4B-00C04F79EFBC}") = "CarProject.BlazorClient", "CarProject\CarProject.BlazorClient\CarProject.BlazorClient.csproj", "{206CF814-DADD-4C55-8642-B7B6778D0253}"
EndProject
Global
	GlobalSection(SolutionConfigurationPlatforms) = preSolution
		Debug|Any CPU = Debug|Any CPU
		Release|Any CPU = Release|Any CPU
	EndGlobalSection
	GlobalSection(ProjectConfigurationPlatforms) = postSolution
		{69D285E7-1F5D-47F9-BAB4-A295C0F91264}.Debug|Any CPU.ActiveCfg = Debug|Any CPU
		{69D285E7-1F5D-47F9-BAB4-A295C0F91264}.Debug|Any CPU.Build.0 = Debug|Any CPU
		{69D285E7-1F5D-47F9-BAB4-A295C0F91264}.Release|Any CPU.ActiveCfg = Release|Any CPU
		{69D285E7-1F5D-47F9-BAB4-A295C0F91264}.Release|Any CPU.Build.0 = Release|Any CPU
		{E37C111E-657B-4509-96D1-F4C54EF63256}.Debug|Any CPU.ActiveCfg = Debug|Any CPU
		{E37C111E-657B-4509-96D1-F4C54EF63256}.Debug|Any CPU.Build.0 = Debug|Any CPU
		{E37C111E-657B-4509-96D1-F4C54EF63256}.Release|Any CPU.ActiveCfg = Release|Any CPU
		{E37C111E-657B-4509-96D1-F4C54EF63256}.Release|Any CPU.Build.0 = Release|Any CPU
		{BF9F3F8D-C172-478F-8B07-B8D17F49E924}.Debug|Any CPU.ActiveCfg = Debug|Any CPU
		{BF9F3F8D-C172-478F-8B07-B8D17F49E924}.Debug|Any CPU.Build.0 = Debug|Any CPU
		{BF9F3F8D-C172-478F-8B07-B8D17F49E924}.Release|Any CPU.ActiveCfg = Release|Any CPU
		{BF9F3F8D-C172-478F-8B07-B8D17F49E924}.Release|Any CPU.Build.0 = Release|Any CPU
		{B75AEE93-37A1-4D0A-A7FE-65122132E57C}.Debug|Any CPU.ActiveCfg = Debug|Any CPU
		{B75AEE93-37A1-4D0A-A7FE-65122132E57C}.Debug|Any CPU.Build.0 = Debug|Any CPU
		{B75AEE93-37A1-4D0A-A7FE-65122132E57C}.Release|Any CPU.ActiveCfg = Release|Any CPU
		{B75AEE93-37A1-4D0A-A7FE-65122132E57C}.Release|Any CPU.Build.0 = Release|Any CPU
		{F1A2FC5B-2CBD-4287-8716-C381EF1AD0E0}.Debug|Any CPU.ActiveCfg = Debug|Any CPU
		{F1A2FC5B-2CBD-4287-8716-C381EF1AD0E0}.Debug|Any CPU.Build.0 = Debug|Any CPU
		{F1A2FC5B-2CBD-4287-8716-C381EF1AD0E0}.Release|Any CPU.ActiveCfg = Release|Any CPU
		{F1A2FC5B-2CBD-4287-8716-C381EF1AD0E0}.Release|Any CPU.Build.0 = Release|Any CPU
		{13AC3354-85A8-4653-9FCF-EF9A310BEFB0}.Debug|Any CPU.ActiveCfg = Debug|Any CPU
		{13AC3354-85A8-4653-9FCF-EF9A310BEFB0}.Debug|Any CPU.Build.0 = Debug|Any CPU
		{13AC3354-85A8-4653-9FCF-EF9A310BEFB0}.Release|Any CPU.ActiveCfg = Release|Any CPU
		{13AC3354-85A8-4653-9FCF-EF9A310BEFB0}.Release|Any CPU.Build.0 = Release|Any CPU
		{E0B60CD0-4427-48EA-8FFE-B6792926D4EA}.Debug|Any CPU.ActiveCfg = Debug|Any CPU
		{E0B60CD0-4427-48EA-8FFE-B6792926D4EA}.Debug|Any CPU.Build.0 = Debug|Any CPU
		{E0B60CD0-4427-48EA-8FFE-B6792926D4EA}.Release|Any CPU.ActiveCfg = Release|Any CPU
		{E0B60CD0-4427-48EA-8FFE-B6792926D4EA}.Release|Any CPU.Build.0 = Release|Any CPU
		{ABECF5A1-790B-437E-A4E1-BF6C78D092B3}.Debug|Any CPU.ActiveCfg = Debug|Any CPU
		{ABECF5A1-790B-437E-A4E1-BF6C78D092B3}.Debug|Any CPU.Build.0 = Debug|Any CPU
		{ABECF5A1-790B-437E-A4E1-BF6C78D092B3}.Release|Any CPU.ActiveCfg = Release|Any CPU
		{ABECF5A1-790B-437E-A4E1-BF6C78D092B3}.Release|Any CPU.Build.0 = Release|Any CPU
		{E6ACEBA4-570B-4252-940D-5E62E839DD3C}.Debug|Any CPU.ActiveCfg = Debug|Any CPU
		{E6ACEBA4-570B-4252-940D-5E62E839DD3C}.Debug|Any CPU.Build.0 = Debug|Any CPU
		{E6ACEBA4-570B-4252-940D-5E62E839DD3C}.Release|Any CPU.ActiveCfg = Release|Any CPU
		{E6ACEBA4-570B-4252-940D-5E62E839DD3C}.Release|Any CPU.Build.0 = Release|Any CPU
		{8DD0D4DB-D6D1-4F9A-B147-F2A44F0BF1BD}.Debug|Any CPU.ActiveCfg = Debug|Any CPU
		{8DD0D4DB-D6D1-4F9A-B147-F2A44F0BF1BD}.Debug|Any CPU.Build.0 = Debug|Any CPU
		{8DD0D4DB-D6D1-4F9A-B147-F2A44F0BF1BD}.Release|Any CPU.ActiveCfg = Release|Any CPU
		{8DD0D4DB-D6D1-4F9A-B147-F2A44F0BF1BD}.Release|Any CPU.Build.0 = Release|Any CPU
		{1A632445-D1F8-42FB-9F16-8DFD75154290}.Debug|Any CPU.ActiveCfg = Debug|Any CPU
		{1A632445-D1F8-42FB-9F16-8DFD75154290}.Debug|Any CPU.Build.0 = Debug|Any CPU
		{1A632445-D1F8-42FB-9F16-8DFD75154290}.Release|Any CPU.ActiveCfg = Release|Any CPU
		{1A632445-D1F8-42FB-9F16-8DFD75154290}.Release|Any CPU.Build.0 = Release|Any CPU
		{F396ED44-6443-4E15-9A05-4B371F69E5A5}.Debug|Any CPU.ActiveCfg = Debug|Any CPU
		{F396ED44-6443-4E15-9A05-4B371F69E5A5}.Debug|Any CPU.Build.0 = Debug|Any CPU
		{F396ED44-6443-4E15-9A05-4B371F69E5A5}.Release|Any CPU.ActiveCfg = Release|Any CPU
		{F396ED44-6443-4E15-9A05-4B371F69E5A5}.Release|Any CPU.Build.0 = Release|Any CPU
		{18962BE0-E8BD-4709-8255-716E2423CE53}.Debug|Any CPU.ActiveCfg = Debug|Any CPU
		{18962BE0-E8BD-4709-8255-716E2423CE53}.Debug|Any CPU.Build.0 = Debug|Any CPU
		{18962BE0-E8BD-4709-8255-716E2423CE53}.Release|Any CPU.ActiveCfg = Release|Any CPU
		{18962BE0-E8BD-4709-8255-716E2423CE53}.Release|Any CPU.Build.0 = Release|Any CPU
		{CB74E330-F2E6-4ABD-9833-64F1761F4917}.Debug|Any CPU.ActiveCfg = Debug|Any CPU
		{CB74E330-F2E6-4ABD-9833-64F1761F4917}.Debug|Any CPU.Build.0 = Debug|Any CPU
		{CB74E330-F2E6-4ABD-9833-64F1761F4917}.Release|Any CPU.ActiveCfg = Release|Any CPU
		{CB74E330-F2E6-4ABD-9833-64F1761F4917}.Release|Any CPU.Build.0 = Release|Any CPU
		{206CF814-DADD-4C55-8642-B7B6778D0253}.Debug|Any CPU.ActiveCfg = Debug|Any CPU
		{206CF814-DADD-4C55-8642-B7B6778D0253}.Debug|Any CPU.Build.0 = Debug|Any CPU
		{206CF814-DADD-4C55-8642-B7B6778D0253}.Release|Any CPU.ActiveCfg = Release|Any CPU
		{206CF814-DADD-4C55-8642-B7B6778D0253}.Release|Any CPU.Build.0 = Release|Any CPU
	EndGlobalSection
	GlobalSection(SolutionProperties) = preSolution
		HideSolutionNode = FALSE
	EndGlobalSection
	GlobalSection(NestedProjects) = preSolution
		{DC7D1B06-B3E2-4417-A80C-5540A3D189EA} = {28A5AFE5-EB4F-4743-970A-5FA9792B5590}
		{2D75D7D5-D189-457F-83A5-66557A20AB14} = {28A5AFE5-EB4F-4743-970A-5FA9792B5590}
		{87FBF342-A52A-4010-9B92-940B115EABB1} = {28A5AFE5-EB4F-4743-970A-5FA9792B5590}
		{13AC3354-85A8-4653-9FCF-EF9A310BEFB0} = {87FBF342-A52A-4010-9B92-940B115EABB1}
		{E0B60CD0-4427-48EA-8FFE-B6792926D4EA} = {DC7D1B06-B3E2-4417-A80C-5540A3D189EA}
		{ABECF5A1-790B-437E-A4E1-BF6C78D092B3} = {2D75D7D5-D189-457F-83A5-66557A20AB14}
		{DCAB0398-F27B-4BE1-B5A8-F8CFFBFC15F5} = {4DC881EF-8C94-4789-BE3C-C568317B7509}
		{3E9ADB9C-1DD3-4108-8ADD-295014019E28} = {4DC881EF-8C94-4789-BE3C-C568317B7509}
		{673C168C-1960-4E44-A313-B23FC985A70B} = {4DC881EF-8C94-4789-BE3C-C568317B7509}
		{8DD0D4DB-D6D1-4F9A-B147-F2A44F0BF1BD} = {DCAB0398-F27B-4BE1-B5A8-F8CFFBFC15F5}
		{1A632445-D1F8-42FB-9F16-8DFD75154290} = {3E9ADB9C-1DD3-4108-8ADD-295014019E28}
		{F396ED44-6443-4E15-9A05-4B371F69E5A5} = {673C168C-1960-4E44-A313-B23FC985A70B}
		{18962BE0-E8BD-4709-8255-716E2423CE53} = {47230330-792B-4638-AE76-9974D85C9B4C}
		{CB74E330-F2E6-4ABD-9833-64F1761F4917} = {47230330-792B-4638-AE76-9974D85C9B4C}
		{206CF814-DADD-4C55-8642-B7B6778D0253} = {47230330-792B-4638-AE76-9974D85C9B4C}
	EndGlobalSection
	GlobalSection(ExtensibilityGlobals) = postSolution
		SolutionGuid = {80AF731A-4015-4D4F-86C4-58DA1109E11D}
	EndGlobalSection
EndGlobal
