
Microsoft Visual Studio Solution File, Format Version 12.00
# Visual Studio Version 17
VisualStudioVersion = 17.7.34024.191
MinimumVisualStudioVersion = 10.0.40219.1
Project("{9A19103F-16F7-4668-BE54-9A1E7A4F7556}") = "Week 1", "Week 1\Week 1.csproj", "{EDC00B28-A716-45CA-A16F-0CABB009AF1D}"
EndProject
Project("{9A19103F-16F7-4668-BE54-9A1E7A4F7556}") = "Week 2", "Week 2\Week 2.csproj", "{A6879F47-50E3-4AA1-94E6-ED58950C9B25}"
EndProject
Project("{FAE04EC0-301F-11D3-BF4B-00C04F79EFBC}") = "Week3", "Week3\Week3.csproj", "{BC403E4F-1E90-45A4-9F54-688C72466336}"
EndProject
Global
	GlobalSection(SolutionConfigurationPlatforms) = preSolution
		Debug|Any CPU = Debug|Any CPU
		Release|Any CPU = Release|Any CPU
	EndGlobalSection
	GlobalSection(ProjectConfigurationPlatforms) = postSolution
		{EDC00B28-A716-45CA-A16F-0CABB009AF1D}.Debug|Any CPU.ActiveCfg = Debug|Any CPU
		{EDC00B28-A716-45CA-A16F-0CABB009AF1D}.Debug|Any CPU.Build.0 = Debug|Any CPU
		{EDC00B28-A716-45CA-A16F-0CABB009AF1D}.Release|Any CPU.ActiveCfg = Release|Any CPU
		{EDC00B28-A716-45CA-A16F-0CABB009AF1D}.Release|Any CPU.Build.0 = Release|Any CPU
		{A6879F47-50E3-4AA1-94E6-ED58950C9B25}.Debug|Any CPU.ActiveCfg = Debug|Any CPU
		{A6879F47-50E3-4AA1-94E6-ED58950C9B25}.Debug|Any CPU.Build.0 = Debug|Any CPU
		{A6879F47-50E3-4AA1-94E6-ED58950C9B25}.Release|Any CPU.ActiveCfg = Release|Any CPU
		{A6879F47-50E3-4AA1-94E6-ED58950C9B25}.Release|Any CPU.Build.0 = Release|Any CPU
		{BC403E4F-1E90-45A4-9F54-688C72466336}.Debug|Any CPU.ActiveCfg = Debug|Any CPU
		{BC403E4F-1E90-45A4-9F54-688C72466336}.Debug|Any CPU.Build.0 = Debug|Any CPU
		{BC403E4F-1E90-45A4-9F54-688C72466336}.Release|Any CPU.ActiveCfg = Release|Any CPU
		{BC403E4F-1E90-45A4-9F54-688C72466336}.Release|Any CPU.Build.0 = Release|Any CPU
	EndGlobalSection
	GlobalSection(SolutionProperties) = preSolution
		HideSolutionNode = FALSE
	EndGlobalSection
	GlobalSection(ExtensibilityGlobals) = postSolution
		SolutionGuid = {E2BEC07F-A7EB-46BE-8BC7-0F9C85C3F34C}
	EndGlobalSection
EndGlobal
